
Microsoft Visual Studio Solution File, Format Version 12.00
# Visual Studio Version 16
VisualStudioVersion = 16.0.28922.388
MinimumVisualStudioVersion = 10.0.40219.1
Project("{FAE04EC0-301F-11D3-BF4B-00C04F79EFBC}") = "Blood", "Blood.csproj", "{1439CB3D-2F22-4183-8850-1D63194BAB5F}"
EndProject
Global
	GlobalSection(SolutionConfigurationPlatforms) = preSolution
		Debug|Any CPU = Debug|Any CPU
		Release|Any CPU = Release|Any CPU
	EndGlobalSection
	GlobalSection(ProjectConfigurationPlatforms) = postSolution
		{1439CB3D-2F22-4183-8850-1D63194BAB5F}.Debug|Any CPU.ActiveCfg = Debug|Any CPU
		{1439CB3D-2F22-4183-8850-1D63194BAB5F}.Debug|Any CPU.Build.0 = Debug|Any CPU
		{1439CB3D-2F22-4183-8850-1D63194BAB5F}.Release|Any CPU.ActiveCfg = Release|Any CPU
		{1439CB3D-2F22-4183-8850-1D63194BAB5F}.Release|Any CPU.Build.0 = Release|Any CPU
	EndGlobalSection
	GlobalSection(SolutionProperties) = preSolution
		HideSolutionNode = FALSE
	EndGlobalSection
	GlobalSection(ExtensibilityGlobals) = postSolution
		SolutionGuid = {1B607234-6193-4A25-836F-C9BF9D5D38C0}
	EndGlobalSection
EndGlobal
